
Microsoft Visual Studio Solution File, Format Version 12.00
# Visual Studio Version 17
VisualStudioVersion = 17.0.31903.59
MinimumVisualStudioVersion = 10.0.40219.1
Project("{2150E333-8FDC-42A3-9474-1A3956D46DE8}") = "src", "src", "{827E0CD3-B72D-47B6-A68D-7590B98EB39B}"
EndProject
Project("{2150E333-8FDC-42A3-9474-1A3956D46DE8}") = "Core", "Core", "{8D626EA8-CB54-BC41-363A-217881BEBA6E}"
EndProject
Project("{FAE04EC0-301F-11D3-BF4B-00C04F79EFBC}") = "ECommerce.Domain", "src\Core\Domain\ECommerce.Domain.csproj", "{0FD80B0F-C66B-43B3-A68D-D936C4B5EA82}"
EndProject
Project("{FAE04EC0-301F-11D3-BF4B-00C04F79EFBC}") = "ECommerce.Application", "src\Core\Application\ECommerce.Application.csproj", "{0935AF9C-C507-47BE-92B6-1CDC8FE0E016}"
EndProject
Project("{FAE04EC0-301F-11D3-BF4B-00C04F79EFBC}") = "ECommerce.Persistence", "src\Infrastructure\Persistence\ECommerce.Persistence.csproj", "{BA321CD0-EBB7-4A9D-A4FE-913A17114A50}"
EndProject
Project("{FAE04EC0-301F-11D3-BF4B-00C04F79EFBC}") = "ECommerce.Shared", "src\Infrastructure\Shared\ECommerce.Shared.csproj", "{DB38ABC6-B8CD-43DC-89E7-058344BB7A64}"
EndProject
Project("{FAE04EC0-301F-11D3-BF4B-00C04F79EFBC}") = "ECommerce.API", "src\Presentation\WebAPI\ECommerce.API.csproj", "{E6729EDD-A603-4D92-9DC3-480A7E9AE747}"
EndProject
Project("{2150E333-8FDC-42A3-9474-1A3956D46DE8}") = "Infreaestructure", "Infreaestructure", "{02EA681E-C7D8-13C7-8484-4AC65E1B71E8}"
EndProject
Project("{2150E333-8FDC-42A3-9474-1A3956D46DE8}") = "Presentation", "Presentation", "{36C13664-69FF-484B-B11B-224CBE6B5768}"
EndProject
Global
	GlobalSection(SolutionConfigurationPlatforms) = preSolution
		Debug|Any CPU = Debug|Any CPU
		Debug|x64 = Debug|x64
		Debug|x86 = Debug|x86
		Release|Any CPU = Release|Any CPU
		Release|x64 = Release|x64
		Release|x86 = Release|x86
	EndGlobalSection
	GlobalSection(ProjectConfigurationPlatforms) = postSolution
		{0FD80B0F-C66B-43B3-A68D-D936C4B5EA82}.Debug|Any CPU.ActiveCfg = Debug|Any CPU
		{0FD80B0F-C66B-43B3-A68D-D936C4B5EA82}.Debug|Any CPU.Build.0 = Debug|Any CPU
		{0FD80B0F-C66B-43B3-A68D-D936C4B5EA82}.Debug|x64.ActiveCfg = Debug|Any CPU
		{0FD80B0F-C66B-43B3-A68D-D936C4B5EA82}.Debug|x64.Build.0 = Debug|Any CPU
		{0FD80B0F-C66B-43B3-A68D-D936C4B5EA82}.Debug|x86.ActiveCfg = Debug|Any CPU
		{0FD80B0F-C66B-43B3-A68D-D936C4B5EA82}.Debug|x86.Build.0 = Debug|Any CPU
		{0FD80B0F-C66B-43B3-A68D-D936C4B5EA82}.Release|Any CPU.ActiveCfg = Release|Any CPU
		{0FD80B0F-C66B-43B3-A68D-D936C4B5EA82}.Release|Any CPU.Build.0 = Release|Any CPU
		{0FD80B0F-C66B-43B3-A68D-D936C4B5EA82}.Release|x64.ActiveCfg = Release|Any CPU
		{0FD80B0F-C66B-43B3-A68D-D936C4B5EA82}.Release|x64.Build.0 = Release|Any CPU
		{0FD80B0F-C66B-43B3-A68D-D936C4B5EA82}.Release|x86.ActiveCfg = Release|Any CPU
		{0FD80B0F-C66B-43B3-A68D-D936C4B5EA82}.Release|x86.Build.0 = Release|Any CPU
		{0935AF9C-C507-47BE-92B6-1CDC8FE0E016}.Debug|Any CPU.ActiveCfg = Debug|Any CPU
		{0935AF9C-C507-47BE-92B6-1CDC8FE0E016}.Debug|Any CPU.Build.0 = Debug|Any CPU
		{0935AF9C-C507-47BE-92B6-1CDC8FE0E016}.Debug|x64.ActiveCfg = Debug|Any CPU
		{0935AF9C-C507-47BE-92B6-1CDC8FE0E016}.Debug|x64.Build.0 = Debug|Any CPU
		{0935AF9C-C507-47BE-92B6-1CDC8FE0E016}.Debug|x86.ActiveCfg = Debug|Any CPU
		{0935AF9C-C507-47BE-92B6-1CDC8FE0E016}.Debug|x86.Build.0 = Debug|Any CPU
		{0935AF9C-C507-47BE-92B6-1CDC8FE0E016}.Release|Any CPU.ActiveCfg = Release|Any CPU
		{0935AF9C-C507-47BE-92B6-1CDC8FE0E016}.Release|Any CPU.Build.0 = Release|Any CPU
		{0935AF9C-C507-47BE-92B6-1CDC8FE0E016}.Release|x64.ActiveCfg = Release|Any CPU
		{0935AF9C-C507-47BE-92B6-1CDC8FE0E016}.Release|x64.Build.0 = Release|Any CPU
		{0935AF9C-C507-47BE-92B6-1CDC8FE0E016}.Release|x86.ActiveCfg = Release|Any CPU
		{0935AF9C-C507-47BE-92B6-1CDC8FE0E016}.Release|x86.Build.0 = Release|Any CPU
		{BA321CD0-EBB7-4A9D-A4FE-913A17114A50}.Debug|Any CPU.ActiveCfg = Debug|Any CPU
		{BA321CD0-EBB7-4A9D-A4FE-913A17114A50}.Debug|Any CPU.Build.0 = Debug|Any CPU
		{BA321CD0-EBB7-4A9D-A4FE-913A17114A50}.Debug|x64.ActiveCfg = Debug|Any CPU
		{BA321CD0-EBB7-4A9D-A4FE-913A17114A50}.Debug|x64.Build.0 = Debug|Any CPU
		{BA321CD0-EBB7-4A9D-A4FE-913A17114A50}.Debug|x86.ActiveCfg = Debug|Any CPU
		{BA321CD0-EBB7-4A9D-A4FE-913A17114A50}.Debug|x86.Build.0 = Debug|Any CPU
		{BA321CD0-EBB7-4A9D-A4FE-913A17114A50}.Release|Any CPU.ActiveCfg = Release|Any CPU
		{BA321CD0-EBB7-4A9D-A4FE-913A17114A50}.Release|Any CPU.Build.0 = Release|Any CPU
		{BA321CD0-EBB7-4A9D-A4FE-913A17114A50}.Release|x64.ActiveCfg = Release|Any CPU
		{BA321CD0-EBB7-4A9D-A4FE-913A17114A50}.Release|x64.Build.0 = Release|Any CPU
		{BA321CD0-EBB7-4A9D-A4FE-913A17114A50}.Release|x86.ActiveCfg = Release|Any CPU
		{BA321CD0-EBB7-4A9D-A4FE-913A17114A50}.Release|x86.Build.0 = Release|Any CPU
		{DB38ABC6-B8CD-43DC-89E7-058344BB7A64}.Debug|Any CPU.ActiveCfg = Debug|Any CPU
		{DB38ABC6-B8CD-43DC-89E7-058344BB7A64}.Debug|Any CPU.Build.0 = Debug|Any CPU
		{DB38ABC6-B8CD-43DC-89E7-058344BB7A64}.Debug|x64.ActiveCfg = Debug|Any CPU
		{DB38ABC6-B8CD-43DC-89E7-058344BB7A64}.Debug|x64.Build.0 = Debug|Any CPU
		{DB38ABC6-B8CD-43DC-89E7-058344BB7A64}.Debug|x86.ActiveCfg = Debug|Any CPU
		{DB38ABC6-B8CD-43DC-89E7-058344BB7A64}.Debug|x86.Build.0 = Debug|Any CPU
		{DB38ABC6-B8CD-43DC-89E7-058344BB7A64}.Release|Any CPU.ActiveCfg = Release|Any CPU
		{DB38ABC6-B8CD-43DC-89E7-058344BB7A64}.Release|Any CPU.Build.0 = Release|Any CPU
		{DB38ABC6-B8CD-43DC-89E7-058344BB7A64}.Release|x64.ActiveCfg = Release|Any CPU
		{DB38ABC6-B8CD-43DC-89E7-058344BB7A64}.Release|x64.Build.0 = Release|Any CPU
		{DB38ABC6-B8CD-43DC-89E7-058344BB7A64}.Release|x86.ActiveCfg = Release|Any CPU
		{DB38ABC6-B8CD-43DC-89E7-058344BB7A64}.Release|x86.Build.0 = Release|Any CPU
		{E6729EDD-A603-4D92-9DC3-480A7E9AE747}.Debug|Any CPU.ActiveCfg = Debug|Any CPU
		{E6729EDD-A603-4D92-9DC3-480A7E9AE747}.Debug|Any CPU.Build.0 = Debug|Any CPU
		{E6729EDD-A603-4D92-9DC3-480A7E9AE747}.Debug|x64.ActiveCfg = Debug|Any CPU
		{E6729EDD-A603-4D92-9DC3-480A7E9AE747}.Debug|x64.Build.0 = Debug|Any CPU
		{E6729EDD-A603-4D92-9DC3-480A7E9AE747}.Debug|x86.ActiveCfg = Debug|Any CPU
		{E6729EDD-A603-4D92-9DC3-480A7E9AE747}.Debug|x86.Build.0 = Debug|Any CPU
		{E6729EDD-A603-4D92-9DC3-480A7E9AE747}.Release|Any CPU.ActiveCfg = Release|Any CPU
		{E6729EDD-A603-4D92-9DC3-480A7E9AE747}.Release|Any CPU.Build.0 = Release|Any CPU
		{E6729EDD-A603-4D92-9DC3-480A7E9AE747}.Release|x64.ActiveCfg = Release|Any CPU
		{E6729EDD-A603-4D92-9DC3-480A7E9AE747}.Release|x64.Build.0 = Release|Any CPU
		{E6729EDD-A603-4D92-9DC3-480A7E9AE747}.Release|x86.ActiveCfg = Release|Any CPU
		{E6729EDD-A603-4D92-9DC3-480A7E9AE747}.Release|x86.Build.0 = Release|Any CPU
	EndGlobalSection
	GlobalSection(SolutionProperties) = preSolution
		HideSolutionNode = FALSE
	EndGlobalSection
	GlobalSection(NestedProjects) = preSolution
		{8D626EA8-CB54-BC41-363A-217881BEBA6E} = {827E0CD3-B72D-47B6-A68D-7590B98EB39B}
		{0FD80B0F-C66B-43B3-A68D-D936C4B5EA82} = {8D626EA8-CB54-BC41-363A-217881BEBA6E}
		{0935AF9C-C507-47BE-92B6-1CDC8FE0E016} = {8D626EA8-CB54-BC41-363A-217881BEBA6E}
		{BA321CD0-EBB7-4A9D-A4FE-913A17114A50} = {02EA681E-C7D8-13C7-8484-4AC65E1B71E8}
		{DB38ABC6-B8CD-43DC-89E7-058344BB7A64} = {02EA681E-C7D8-13C7-8484-4AC65E1B71E8}
		{E6729EDD-A603-4D92-9DC3-480A7E9AE747} = {36C13664-69FF-484B-B11B-224CBE6B5768}
		{02EA681E-C7D8-13C7-8484-4AC65E1B71E8} = {827E0CD3-B72D-47B6-A68D-7590B98EB39B}
		{36C13664-69FF-484B-B11B-224CBE6B5768} = {827E0CD3-B72D-47B6-A68D-7590B98EB39B}
	EndGlobalSection
EndGlobal
